{
  "name": "vk-image-redirect",
  "version": "0.0.1",
  "lockfileVersion": 1,
  "requires": true,
  "dependencies": {
    "big-integer": {
      "version": "1.6.36",
      "resolved": "https://registry.npmjs.org/big-integer/-/big-integer-1.6.36.tgz",
      "integrity": "sha512-t70bfa7HYEA1D9idDbmuv7YbsbVkQ+Hp+8KFSul4aE5e/i1bjCNIRYJZlA8Q8p0r9T8cF/RVvwUgRA//FydEyg=="
    },
    "hashlru": {
      "version": "2.3.0",
      "resolved": "https://registry.npmjs.org/hashlru/-/hashlru-2.3.0.tgz",
      "integrity": "sha512-0cMsjjIC8I+D3M44pOQdsy0OHXGLVz6Z0beRuufhKa0KfaD2wGwAev6jILzXsd3/vpnNQJmWyZtIILqM1N+n5A=="
    },
    "ip-country": {
      "version": "1.0.2",
      "resolved": "https://registry.npmjs.org/ip-country/-/ip-country-1.0.2.tgz",
      "integrity": "sha1-Ya++cVMp+EKT4cBTPIjOgmeCuCQ=",
      "requires": {
        "mmdb-reader": "1.2.0"
      }
    },
    "is_js": {
      "version": "0.9.0",
      "resolved": "https://registry.npmjs.org/is_js/-/is_js-0.9.0.tgz",
      "integrity": "sha1-CrlFQFArp6+iTIVqqYVWFmnpxS0="
    },
    "mmdb-reader": {
      "version": "1.2.0",
      "resolved": "https://registry.npmjs.org/mmdb-reader/-/mmdb-reader-1.2.0.tgz",
      "integrity": "sha512-H6B2VFogE+2VM/1qxEhGWbIxOy6hATZ1vx1uW7/8wIltC0+4vOirnyeqquCslCXCEIgJ4VGrSxknL3BhNzkASg==",
      "requires": {
        "big-integer": "1.6.36",
        "hashlru": "2.3.0"
      }
    },
    "request-ip": {
      "version": "2.1.3",
      "resolved": "https://registry.npmjs.org/request-ip/-/request-ip-2.1.3.tgz",
      "integrity": "sha512-J3qdE/IhVM3BXkwMIVO4yFrvhJlU3H7JH16+6yHucadT4fePnR8dyh+vEs6FIx0S2x5TCt2ptiPfHcn0sqhbYQ==",
      "requires": {
        "is_js": "0.9.0"
      }
    }
  }
}
